
Microsoft Visual Studio Solution File, Format Version 12.00
# Visual Studio Version 17
VisualStudioVersion = 17.11.35222.181
MinimumVisualStudioVersion = 10.0.40219.1
Project("{9A19103F-16F7-4668-BE54-9A1E7A4F7556}") = "InterfVSAbstVCompDemo", "InterfVSAbstVCompDemo\InterfVSAbstVCompDemo.csproj", "{52E8C7B5-F636-41D6-AFB0-564D263E4891}"
EndProject
Project("{FAE04EC0-301F-11D3-BF4B-00C04F79EFBC}") = "InterfVSAbstVCompDemo.Test", "InterfVSAbstVCompDemo.Test\InterfVSAbstVCompDemo.Test.csproj", "{BBA486BF-4F69-49A3-8E32-448424A75F22}"
EndProject
Global
	GlobalSection(SolutionConfigurationPlatforms) = preSolution
		Debug|Any CPU = Debug|Any CPU
		Release|Any CPU = Release|Any CPU
	EndGlobalSection
	GlobalSection(ProjectConfigurationPlatforms) = postSolution
		{52E8C7B5-F636-41D6-AFB0-564D263E4891}.Debug|Any CPU.ActiveCfg = Debug|Any CPU
		{52E8C7B5-F636-41D6-AFB0-564D263E4891}.Debug|Any CPU.Build.0 = Debug|Any CPU
		{52E8C7B5-F636-41D6-AFB0-564D263E4891}.Release|Any CPU.ActiveCfg = Release|Any CPU
		{52E8C7B5-F636-41D6-AFB0-564D263E4891}.Release|Any CPU.Build.0 = Release|Any CPU
		{BBA486BF-4F69-49A3-8E32-448424A75F22}.Debug|Any CPU.ActiveCfg = Debug|Any CPU
		{BBA486BF-4F69-49A3-8E32-448424A75F22}.Debug|Any CPU.Build.0 = Debug|Any CPU
		{BBA486BF-4F69-49A3-8E32-448424A75F22}.Release|Any CPU.ActiveCfg = Release|Any CPU
		{BBA486BF-4F69-49A3-8E32-448424A75F22}.Release|Any CPU.Build.0 = Release|Any CPU
	EndGlobalSection
	GlobalSection(SolutionProperties) = preSolution
		HideSolutionNode = FALSE
	EndGlobalSection
	GlobalSection(ExtensibilityGlobals) = postSolution
		SolutionGuid = {E08135E0-3E88-41BC-AFB4-99D360C35499}
	EndGlobalSection
EndGlobal
